
Microsoft Visual Studio Solution File, Format Version 12.00
# Visual Studio 15
VisualStudioVersion = 15.0.28010.2048
MinimumVisualStudioVersion = 10.0.40219.1
Project("{FAE04EC0-301F-11D3-BF4B-00C04F79EFBC}") = "TaskManager", "TaskManager\TaskManager.csproj", "{695F7BF8-5516-4F95-8948-F2BB2E122EE5}"
EndProject
Global
	GlobalSection(SolutionConfigurationPlatforms) = preSolution
		Debug|Any CPU = Debug|Any CPU
		Release|Any CPU = Release|Any CPU
	EndGlobalSection
	GlobalSection(ProjectConfigurationPlatforms) = postSolution
		{695F7BF8-5516-4F95-8948-F2BB2E122EE5}.Debug|Any CPU.ActiveCfg = Debug|Any CPU
		{695F7BF8-5516-4F95-8948-F2BB2E122EE5}.Debug|Any CPU.Build.0 = Debug|Any CPU
		{695F7BF8-5516-4F95-8948-F2BB2E122EE5}.Release|Any CPU.ActiveCfg = Release|Any CPU
		{695F7BF8-5516-4F95-8948-F2BB2E122EE5}.Release|Any CPU.Build.0 = Release|Any CPU
	EndGlobalSection
	GlobalSection(SolutionProperties) = preSolution
		HideSolutionNode = FALSE
	EndGlobalSection
	GlobalSection(ExtensibilityGlobals) = postSolution
		SolutionGuid = {F87A8CF5-FA5B-49F8-AD9C-125AA4CC9071}
	EndGlobalSection
EndGlobal
